
Microsoft Visual Studio Solution File, Format Version 12.00
# Visual Studio Version 17
VisualStudioVersion = 17.0.31903.59
MinimumVisualStudioVersion = 10.0.40219.1
Project("{2150E333-8FDC-42A3-9474-1A3956D46DE8}") = "src", "src", "{C238BD20-04F2-4388-8D6B-96D6A3219290}"
EndProject
Project("{FAE04EC0-301F-11D3-BF4B-00C04F79EFBC}") = "ClockHandAPI", "src\ClockHandAPI\ClockHandAPI.csproj", "{9D61F07E-461E-4002-A26B-2A3131129DC9}"
EndProject
Project("{2150E333-8FDC-42A3-9474-1A3956D46DE8}") = "tests", "tests", "{E7DBAD29-13D8-488C-B5EA-8A866BE98916}"
EndProject
Project("{FAE04EC0-301F-11D3-BF4B-00C04F79EFBC}") = "ClockHandAPI.Tests", "tests\ClockHandAPI.Tests\ClockHandAPI.Tests.csproj", "{8A752F7E-E556-41C8-B2CF-53C931D0178C}"
EndProject
Global
	GlobalSection(SolutionConfigurationPlatforms) = preSolution
		Debug|Any CPU = Debug|Any CPU
		Release|Any CPU = Release|Any CPU
	EndGlobalSection
	GlobalSection(SolutionProperties) = preSolution
		HideSolutionNode = FALSE
	EndGlobalSection
	GlobalSection(ProjectConfigurationPlatforms) = postSolution
		{9D61F07E-461E-4002-A26B-2A3131129DC9}.Debug|Any CPU.ActiveCfg = Debug|Any CPU
		{9D61F07E-461E-4002-A26B-2A3131129DC9}.Debug|Any CPU.Build.0 = Debug|Any CPU
		{9D61F07E-461E-4002-A26B-2A3131129DC9}.Release|Any CPU.ActiveCfg = Release|Any CPU
		{9D61F07E-461E-4002-A26B-2A3131129DC9}.Release|Any CPU.Build.0 = Release|Any CPU
		{8A752F7E-E556-41C8-B2CF-53C931D0178C}.Debug|Any CPU.ActiveCfg = Debug|Any CPU
		{8A752F7E-E556-41C8-B2CF-53C931D0178C}.Debug|Any CPU.Build.0 = Debug|Any CPU
		{8A752F7E-E556-41C8-B2CF-53C931D0178C}.Release|Any CPU.ActiveCfg = Release|Any CPU
		{8A752F7E-E556-41C8-B2CF-53C931D0178C}.Release|Any CPU.Build.0 = Release|Any CPU
	EndGlobalSection
	GlobalSection(NestedProjects) = preSolution
		{9D61F07E-461E-4002-A26B-2A3131129DC9} = {C238BD20-04F2-4388-8D6B-96D6A3219290}
		{8A752F7E-E556-41C8-B2CF-53C931D0178C} = {E7DBAD29-13D8-488C-B5EA-8A866BE98916}
	EndGlobalSection
EndGlobal
